<Solution>
  <Folder Name="/Solution Items/">
    <File Path="Directory.Packages.props" />
  </Folder>
  <Project Path="Dakia.Android/Dakia.Android.csproj" />
  <Project Path="Dakia.Browser/Dakia.Browser.csproj" />
  <Project Path="Dakia.Core\Dakia.Core.csproj" />
  <Project Path="Dakia.Desktop/Dakia.Desktop.csproj" />
  <Project Path="Dakia.iOS/Dakia.iOS.csproj" />
</Solution>
